
Microsoft Visual Studio Solution File, Format Version 12.00
# Visual Studio Version 17
VisualStudioVersion = 17.14.36202.13 d17.14
MinimumVisualStudioVersion = 10.0.40219.1
Project("{FAE04EC0-301F-11D3-BF4B-00C04F79EFBC}") = "CatchMe", "CatchMe\CatchMe.csproj", "{A093C004-EFAC-4F3E-A492-8D7AA6709A43}"
EndProject
Global
	GlobalSection(SolutionConfigurationPlatforms) = preSolution
		Debug|Any CPU = Debug|Any CPU
		Release|Any CPU = Release|Any CPU
	EndGlobalSection
	GlobalSection(ProjectConfigurationPlatforms) = postSolution
		{A093C004-EFAC-4F3E-A492-8D7AA6709A43}.Debug|Any CPU.ActiveCfg = Debug|Any CPU
		{A093C004-EFAC-4F3E-A492-8D7AA6709A43}.Debug|Any CPU.Build.0 = Debug|Any CPU
		{A093C004-EFAC-4F3E-A492-8D7AA6709A43}.Release|Any CPU.ActiveCfg = Release|Any CPU
		{A093C004-EFAC-4F3E-A492-8D7AA6709A43}.Release|Any CPU.Build.0 = Release|Any CPU
	EndGlobalSection
	GlobalSection(SolutionProperties) = preSolution
		HideSolutionNode = FALSE
	EndGlobalSection
	GlobalSection(ExtensibilityGlobals) = postSolution
		SolutionGuid = {E7D4D88B-38C3-4AB6-8D79-C0CC3FC73F0F}
	EndGlobalSection
EndGlobal
